
Microsoft Visual Studio Solution File, Format Version 12.00
# Visual Studio 15
VisualStudioVersion = 15.0.28307.1758
MinimumVisualStudioVersion = 10.0.40219.1
Project("{FAE04EC0-301F-11D3-BF4B-00C04F79EFBC}") = "SectionElement", "SectionElement\SectionElement.csproj", "{B96C839E-EC46-46CB-A7FC-034254EC78ED}"
EndProject
Global
	GlobalSection(SolutionConfigurationPlatforms) = preSolution
		Debug|Any CPU = Debug|Any CPU
		Release|Any CPU = Release|Any CPU
	EndGlobalSection
	GlobalSection(ProjectConfigurationPlatforms) = postSolution
		{B96C839E-EC46-46CB-A7FC-034254EC78ED}.Debug|Any CPU.ActiveCfg = Debug|Any CPU
		{B96C839E-EC46-46CB-A7FC-034254EC78ED}.Debug|Any CPU.Build.0 = Debug|Any CPU
		{B96C839E-EC46-46CB-A7FC-034254EC78ED}.Release|Any CPU.ActiveCfg = Release|Any CPU
		{B96C839E-EC46-46CB-A7FC-034254EC78ED}.Release|Any CPU.Build.0 = Release|Any CPU
	EndGlobalSection
	GlobalSection(SolutionProperties) = preSolution
		HideSolutionNode = FALSE
	EndGlobalSection
	GlobalSection(ExtensibilityGlobals) = postSolution
		SolutionGuid = {4D4D86CD-5B18-4E77-BD92-CED357FE8D4D}
	EndGlobalSection
EndGlobal
